
Microsoft Visual Studio Solution File, Format Version 12.00
# Visual Studio 14
VisualStudioVersion = 14.0.25420.1
MinimumVisualStudioVersion = 10.0.40219.1
Project("{2150E333-8FDC-42A3-9474-1A3956D46DE8}") = "src", "src", "{999D25D8-9DC4-442A-99B0-8FFA60378C77}"
EndProject
Project("{2150E333-8FDC-42A3-9474-1A3956D46DE8}") = "Solution Items", "Solution Items", "{A7FA2143-59AA-473E-9C07-98CCEBB653AA}"
	ProjectSection(SolutionItems) = preProject
		global.json = global.json
		LICENSE = LICENSE
		README.md = README.md
	EndProjectSection
EndProject
Project("{2150E333-8FDC-42A3-9474-1A3956D46DE8}") = "test", "test", "{35E79101-8327-43CD-9F95-EF272FEDE60A}"
EndProject
Project("{8BB2217D-0F2D-49D1-97BC-3654ED321F3B}") = "DesktopSearch.Core", "src\DesktopSearch.Core\DesktopSearch.Core.xproj", "{A37C3908-CE63-4B47-A4BC-9635D1CEEF8C}"
EndProject
Project("{8BB2217D-0F2D-49D1-97BC-3654ED321F3B}") = "DesktopSearch.Core.Tests", "test\DesktopSearch.Core.Tests\DesktopSearch.Core.Tests.xproj", "{FD9EF4AF-A707-4858-9E88-01FD81CD608F}"
EndProject
Project("{2150E333-8FDC-42A3-9474-1A3956D46DE8}") = "Documents", "Documents", "{CDB7E8FD-8489-494F-8050-2D090377A335}"
	ProjectSection(SolutionItems) = preProject
		Documents\Drawings.vsdx = Documents\Drawings.vsdx
		Documents\References.md = Documents\References.md
	EndProjectSection
EndProject
Project("{8BB2217D-0F2D-49D1-97BC-3654ED321F3B}") = "ElasticSearch.Prototyping", "test\ElasticSearch.Prototyping\ElasticSearch.Prototyping.xproj", "{5D3D7364-A562-4114-8099-9B7FFBC7DB5D}"
EndProject
Project("{8BB2217D-0F2D-49D1-97BC-3654ED321F3B}") = "DesktopSearch.API", "src\DesktopSearch.API\DesktopSearch.API.xproj", "{4295A828-A1DF-4E91-A206-3158983E58D2}"
EndProject
Project("{FAE04EC0-301F-11D3-BF4B-00C04F79EFBC}") = "DesktopSearch.PS", "src\DesktopSearch.PS\DesktopSearch.PS.csproj", "{17E0AF0F-EA0F-459C-8F91-A50622EC380A}"
EndProject
Project("{FAE04EC0-301F-11D3-BF4B-00C04F79EFBC}") = "DesktopSearch.PS.Tests", "test\DesktopSearch.PS.Tests\DesktopSearch.PS.Tests.csproj", "{01C76CE1-EAE2-4F96-A985-EB8CDE989E4E}"
EndProject
Global
	GlobalSection(SolutionConfigurationPlatforms) = preSolution
		Debug|Any CPU = Debug|Any CPU
		Debug|ARM = Debug|ARM
		Debug|iPhone = Debug|iPhone
		Debug|iPhoneSimulator = Debug|iPhoneSimulator
		Debug|x86 = Debug|x86
		Release|Any CPU = Release|Any CPU
		Release|ARM = Release|ARM
		Release|iPhone = Release|iPhone
		Release|iPhoneSimulator = Release|iPhoneSimulator
		Release|x86 = Release|x86
	EndGlobalSection
	GlobalSection(ProjectConfigurationPlatforms) = postSolution
		{A37C3908-CE63-4B47-A4BC-9635D1CEEF8C}.Debug|Any CPU.ActiveCfg = Debug|Any CPU
		{A37C3908-CE63-4B47-A4BC-9635D1CEEF8C}.Debug|Any CPU.Build.0 = Debug|Any CPU
		{A37C3908-CE63-4B47-A4BC-9635D1CEEF8C}.Debug|ARM.ActiveCfg = Debug|Any CPU
		{A37C3908-CE63-4B47-A4BC-9635D1CEEF8C}.Debug|ARM.Build.0 = Debug|Any CPU
		{A37C3908-CE63-4B47-A4BC-9635D1CEEF8C}.Debug|iPhone.ActiveCfg = Debug|Any CPU
		{A37C3908-CE63-4B47-A4BC-9635D1CEEF8C}.Debug|iPhone.Build.0 = Debug|Any CPU
		{A37C3908-CE63-4B47-A4BC-9635D1CEEF8C}.Debug|iPhoneSimulator.ActiveCfg = Debug|Any CPU
		{A37C3908-CE63-4B47-A4BC-9635D1CEEF8C}.Debug|iPhoneSimulator.Build.0 = Debug|Any CPU
		{A37C3908-CE63-4B47-A4BC-9635D1CEEF8C}.Debug|x86.ActiveCfg = Debug|Any CPU
		{A37C3908-CE63-4B47-A4BC-9635D1CEEF8C}.Debug|x86.Build.0 = Debug|Any CPU
		{A37C3908-CE63-4B47-A4BC-9635D1CEEF8C}.Release|Any CPU.ActiveCfg = Release|Any CPU
		{A37C3908-CE63-4B47-A4BC-9635D1CEEF8C}.Release|Any CPU.Build.0 = Release|Any CPU
		{A37C3908-CE63-4B47-A4BC-9635D1CEEF8C}.Release|ARM.ActiveCfg = Release|Any CPU
		{A37C3908-CE63-4B47-A4BC-9635D1CEEF8C}.Release|ARM.Build.0 = Release|Any CPU
		{A37C3908-CE63-4B47-A4BC-9635D1CEEF8C}.Release|iPhone.ActiveCfg = Release|Any CPU
		{A37C3908-CE63-4B47-A4BC-9635D1CEEF8C}.Release|iPhone.Build.0 = Release|Any CPU
		{A37C3908-CE63-4B47-A4BC-9635D1CEEF8C}.Release|iPhoneSimulator.ActiveCfg = Release|Any CPU
		{A37C3908-CE63-4B47-A4BC-9635D1CEEF8C}.Release|iPhoneSimulator.Build.0 = Release|Any CPU
		{A37C3908-CE63-4B47-A4BC-9635D1CEEF8C}.Release|x86.ActiveCfg = Release|Any CPU
		{A37C3908-CE63-4B47-A4BC-9635D1CEEF8C}.Release|x86.Build.0 = Release|Any CPU
		{FD9EF4AF-A707-4858-9E88-01FD81CD608F}.Debug|Any CPU.ActiveCfg = Debug|Any CPU
		{FD9EF4AF-A707-4858-9E88-01FD81CD608F}.Debug|Any CPU.Build.0 = Debug|Any CPU
		{FD9EF4AF-A707-4858-9E88-01FD81CD608F}.Debug|ARM.ActiveCfg = Debug|Any CPU
		{FD9EF4AF-A707-4858-9E88-01FD81CD608F}.Debug|ARM.Build.0 = Debug|Any CPU
		{FD9EF4AF-A707-4858-9E88-01FD81CD608F}.Debug|iPhone.ActiveCfg = Debug|Any CPU
		{FD9EF4AF-A707-4858-9E88-01FD81CD608F}.Debug|iPhone.Build.0 = Debug|Any CPU
		{FD9EF4AF-A707-4858-9E88-01FD81CD608F}.Debug|iPhoneSimulator.ActiveCfg = Debug|Any CPU
		{FD9EF4AF-A707-4858-9E88-01FD81CD608F}.Debug|iPhoneSimulator.Build.0 = Debug|Any CPU
		{FD9EF4AF-A707-4858-9E88-01FD81CD608F}.Debug|x86.ActiveCfg = Debug|Any CPU
		{FD9EF4AF-A707-4858-9E88-01FD81CD608F}.Debug|x86.Build.0 = Debug|Any CPU
		{FD9EF4AF-A707-4858-9E88-01FD81CD608F}.Release|Any CPU.ActiveCfg = Release|Any CPU
		{FD9EF4AF-A707-4858-9E88-01FD81CD608F}.Release|Any CPU.Build.0 = Release|Any CPU
		{FD9EF4AF-A707-4858-9E88-01FD81CD608F}.Release|ARM.ActiveCfg = Release|Any CPU
		{FD9EF4AF-A707-4858-9E88-01FD81CD608F}.Release|ARM.Build.0 = Release|Any CPU
		{FD9EF4AF-A707-4858-9E88-01FD81CD608F}.Release|iPhone.ActiveCfg = Release|Any CPU
		{FD9EF4AF-A707-4858-9E88-01FD81CD608F}.Release|iPhone.Build.0 = Release|Any CPU
		{FD9EF4AF-A707-4858-9E88-01FD81CD608F}.Release|iPhoneSimulator.ActiveCfg = Release|Any CPU
		{FD9EF4AF-A707-4858-9E88-01FD81CD608F}.Release|iPhoneSimulator.Build.0 = Release|Any CPU
		{FD9EF4AF-A707-4858-9E88-01FD81CD608F}.Release|x86.ActiveCfg = Release|Any CPU
		{FD9EF4AF-A707-4858-9E88-01FD81CD608F}.Release|x86.Build.0 = Release|Any CPU
		{5D3D7364-A562-4114-8099-9B7FFBC7DB5D}.Debug|Any CPU.ActiveCfg = Debug|Any CPU
		{5D3D7364-A562-4114-8099-9B7FFBC7DB5D}.Debug|Any CPU.Build.0 = Debug|Any CPU
		{5D3D7364-A562-4114-8099-9B7FFBC7DB5D}.Debug|ARM.ActiveCfg = Debug|Any CPU
		{5D3D7364-A562-4114-8099-9B7FFBC7DB5D}.Debug|ARM.Build.0 = Debug|Any CPU
		{5D3D7364-A562-4114-8099-9B7FFBC7DB5D}.Debug|iPhone.ActiveCfg = Debug|Any CPU
		{5D3D7364-A562-4114-8099-9B7FFBC7DB5D}.Debug|iPhone.Build.0 = Debug|Any CPU
		{5D3D7364-A562-4114-8099-9B7FFBC7DB5D}.Debug|iPhoneSimulator.ActiveCfg = Debug|Any CPU
		{5D3D7364-A562-4114-8099-9B7FFBC7DB5D}.Debug|iPhoneSimulator.Build.0 = Debug|Any CPU
		{5D3D7364-A562-4114-8099-9B7FFBC7DB5D}.Debug|x86.ActiveCfg = Debug|Any CPU
		{5D3D7364-A562-4114-8099-9B7FFBC7DB5D}.Debug|x86.Build.0 = Debug|Any CPU
		{5D3D7364-A562-4114-8099-9B7FFBC7DB5D}.Release|Any CPU.ActiveCfg = Release|Any CPU
		{5D3D7364-A562-4114-8099-9B7FFBC7DB5D}.Release|Any CPU.Build.0 = Release|Any CPU
		{5D3D7364-A562-4114-8099-9B7FFBC7DB5D}.Release|ARM.ActiveCfg = Release|Any CPU
		{5D3D7364-A562-4114-8099-9B7FFBC7DB5D}.Release|ARM.Build.0 = Release|Any CPU
		{5D3D7364-A562-4114-8099-9B7FFBC7DB5D}.Release|iPhone.ActiveCfg = Release|Any CPU
		{5D3D7364-A562-4114-8099-9B7FFBC7DB5D}.Release|iPhone.Build.0 = Release|Any CPU
		{5D3D7364-A562-4114-8099-9B7FFBC7DB5D}.Release|iPhoneSimulator.ActiveCfg = Release|Any CPU
		{5D3D7364-A562-4114-8099-9B7FFBC7DB5D}.Release|iPhoneSimulator.Build.0 = Release|Any CPU
		{5D3D7364-A562-4114-8099-9B7FFBC7DB5D}.Release|x86.ActiveCfg = Release|Any CPU
		{5D3D7364-A562-4114-8099-9B7FFBC7DB5D}.Release|x86.Build.0 = Release|Any CPU
		{4295A828-A1DF-4E91-A206-3158983E58D2}.Debug|Any CPU.ActiveCfg = Debug|Any CPU
		{4295A828-A1DF-4E91-A206-3158983E58D2}.Debug|Any CPU.Build.0 = Debug|Any CPU
		{4295A828-A1DF-4E91-A206-3158983E58D2}.Debug|ARM.ActiveCfg = Debug|Any CPU
		{4295A828-A1DF-4E91-A206-3158983E58D2}.Debug|ARM.Build.0 = Debug|Any CPU
		{4295A828-A1DF-4E91-A206-3158983E58D2}.Debug|iPhone.ActiveCfg = Debug|Any CPU
		{4295A828-A1DF-4E91-A206-3158983E58D2}.Debug|iPhone.Build.0 = Debug|Any CPU
		{4295A828-A1DF-4E91-A206-3158983E58D2}.Debug|iPhoneSimulator.ActiveCfg = Debug|Any CPU
		{4295A828-A1DF-4E91-A206-3158983E58D2}.Debug|iPhoneSimulator.Build.0 = Debug|Any CPU
		{4295A828-A1DF-4E91-A206-3158983E58D2}.Debug|x86.ActiveCfg = Debug|Any CPU
		{4295A828-A1DF-4E91-A206-3158983E58D2}.Debug|x86.Build.0 = Debug|Any CPU
		{4295A828-A1DF-4E91-A206-3158983E58D2}.Release|Any CPU.ActiveCfg = Release|Any CPU
		{4295A828-A1DF-4E91-A206-3158983E58D2}.Release|Any CPU.Build.0 = Release|Any CPU
		{4295A828-A1DF-4E91-A206-3158983E58D2}.Release|ARM.ActiveCfg = Release|Any CPU
		{4295A828-A1DF-4E91-A206-3158983E58D2}.Release|ARM.Build.0 = Release|Any CPU
		{4295A828-A1DF-4E91-A206-3158983E58D2}.Release|iPhone.ActiveCfg = Release|Any CPU
		{4295A828-A1DF-4E91-A206-3158983E58D2}.Release|iPhone.Build.0 = Release|Any CPU
		{4295A828-A1DF-4E91-A206-3158983E58D2}.Release|iPhoneSimulator.ActiveCfg = Release|Any CPU
		{4295A828-A1DF-4E91-A206-3158983E58D2}.Release|iPhoneSimulator.Build.0 = Release|Any CPU
		{4295A828-A1DF-4E91-A206-3158983E58D2}.Release|x86.ActiveCfg = Release|Any CPU
		{4295A828-A1DF-4E91-A206-3158983E58D2}.Release|x86.Build.0 = Release|Any CPU
		{17E0AF0F-EA0F-459C-8F91-A50622EC380A}.Debug|Any CPU.ActiveCfg = Debug|Any CPU
		{17E0AF0F-EA0F-459C-8F91-A50622EC380A}.Debug|Any CPU.Build.0 = Debug|Any CPU
		{17E0AF0F-EA0F-459C-8F91-A50622EC380A}.Debug|ARM.ActiveCfg = Debug|Any CPU
		{17E0AF0F-EA0F-459C-8F91-A50622EC380A}.Debug|ARM.Build.0 = Debug|Any CPU
		{17E0AF0F-EA0F-459C-8F91-A50622EC380A}.Debug|iPhone.ActiveCfg = Debug|Any CPU
		{17E0AF0F-EA0F-459C-8F91-A50622EC380A}.Debug|iPhone.Build.0 = Debug|Any CPU
		{17E0AF0F-EA0F-459C-8F91-A50622EC380A}.Debug|iPhoneSimulator.ActiveCfg = Debug|Any CPU
		{17E0AF0F-EA0F-459C-8F91-A50622EC380A}.Debug|iPhoneSimulator.Build.0 = Debug|Any CPU
		{17E0AF0F-EA0F-459C-8F91-A50622EC380A}.Debug|x86.ActiveCfg = Debug|Any CPU
		{17E0AF0F-EA0F-459C-8F91-A50622EC380A}.Debug|x86.Build.0 = Debug|Any CPU
		{17E0AF0F-EA0F-459C-8F91-A50622EC380A}.Release|Any CPU.ActiveCfg = Release|Any CPU
		{17E0AF0F-EA0F-459C-8F91-A50622EC380A}.Release|Any CPU.Build.0 = Release|Any CPU
		{17E0AF0F-EA0F-459C-8F91-A50622EC380A}.Release|ARM.ActiveCfg = Release|Any CPU
		{17E0AF0F-EA0F-459C-8F91-A50622EC380A}.Release|ARM.Build.0 = Release|Any CPU
		{17E0AF0F-EA0F-459C-8F91-A50622EC380A}.Release|iPhone.ActiveCfg = Release|Any CPU
		{17E0AF0F-EA0F-459C-8F91-A50622EC380A}.Release|iPhone.Build.0 = Release|Any CPU
		{17E0AF0F-EA0F-459C-8F91-A50622EC380A}.Release|iPhoneSimulator.ActiveCfg = Release|Any CPU
		{17E0AF0F-EA0F-459C-8F91-A50622EC380A}.Release|iPhoneSimulator.Build.0 = Release|Any CPU
		{17E0AF0F-EA0F-459C-8F91-A50622EC380A}.Release|x86.ActiveCfg = Release|Any CPU
		{17E0AF0F-EA0F-459C-8F91-A50622EC380A}.Release|x86.Build.0 = Release|Any CPU
		{01C76CE1-EAE2-4F96-A985-EB8CDE989E4E}.Debug|Any CPU.ActiveCfg = Debug|Any CPU
		{01C76CE1-EAE2-4F96-A985-EB8CDE989E4E}.Debug|Any CPU.Build.0 = Debug|Any CPU
		{01C76CE1-EAE2-4F96-A985-EB8CDE989E4E}.Debug|ARM.ActiveCfg = Debug|Any CPU
		{01C76CE1-EAE2-4F96-A985-EB8CDE989E4E}.Debug|ARM.Build.0 = Debug|Any CPU
		{01C76CE1-EAE2-4F96-A985-EB8CDE989E4E}.Debug|iPhone.ActiveCfg = Debug|Any CPU
		{01C76CE1-EAE2-4F96-A985-EB8CDE989E4E}.Debug|iPhone.Build.0 = Debug|Any CPU
		{01C76CE1-EAE2-4F96-A985-EB8CDE989E4E}.Debug|iPhoneSimulator.ActiveCfg = Debug|Any CPU
		{01C76CE1-EAE2-4F96-A985-EB8CDE989E4E}.Debug|iPhoneSimulator.Build.0 = Debug|Any CPU
		{01C76CE1-EAE2-4F96-A985-EB8CDE989E4E}.Debug|x86.ActiveCfg = Debug|Any CPU
		{01C76CE1-EAE2-4F96-A985-EB8CDE989E4E}.Debug|x86.Build.0 = Debug|Any CPU
		{01C76CE1-EAE2-4F96-A985-EB8CDE989E4E}.Release|Any CPU.ActiveCfg = Release|Any CPU
		{01C76CE1-EAE2-4F96-A985-EB8CDE989E4E}.Release|Any CPU.Build.0 = Release|Any CPU
		{01C76CE1-EAE2-4F96-A985-EB8CDE989E4E}.Release|ARM.ActiveCfg = Release|Any CPU
		{01C76CE1-EAE2-4F96-A985-EB8CDE989E4E}.Release|ARM.Build.0 = Release|Any CPU
		{01C76CE1-EAE2-4F96-A985-EB8CDE989E4E}.Release|iPhone.ActiveCfg = Release|Any CPU
		{01C76CE1-EAE2-4F96-A985-EB8CDE989E4E}.Release|iPhone.Build.0 = Release|Any CPU
		{01C76CE1-EAE2-4F96-A985-EB8CDE989E4E}.Release|iPhoneSimulator.ActiveCfg = Release|Any CPU
		{01C76CE1-EAE2-4F96-A985-EB8CDE989E4E}.Release|iPhoneSimulator.Build.0 = Release|Any CPU
		{01C76CE1-EAE2-4F96-A985-EB8CDE989E4E}.Release|x86.ActiveCfg = Release|Any CPU
		{01C76CE1-EAE2-4F96-A985-EB8CDE989E4E}.Release|x86.Build.0 = Release|Any CPU
	EndGlobalSection
	GlobalSection(SolutionProperties) = preSolution
		HideSolutionNode = FALSE
	EndGlobalSection
	GlobalSection(NestedProjects) = preSolution
		{A37C3908-CE63-4B47-A4BC-9635D1CEEF8C} = {999D25D8-9DC4-442A-99B0-8FFA60378C77}
		{FD9EF4AF-A707-4858-9E88-01FD81CD608F} = {35E79101-8327-43CD-9F95-EF272FEDE60A}
		{CDB7E8FD-8489-494F-8050-2D090377A335} = {A7FA2143-59AA-473E-9C07-98CCEBB653AA}
		{5D3D7364-A562-4114-8099-9B7FFBC7DB5D} = {35E79101-8327-43CD-9F95-EF272FEDE60A}
		{4295A828-A1DF-4E91-A206-3158983E58D2} = {999D25D8-9DC4-442A-99B0-8FFA60378C77}
		{17E0AF0F-EA0F-459C-8F91-A50622EC380A} = {999D25D8-9DC4-442A-99B0-8FFA60378C77}
		{01C76CE1-EAE2-4F96-A985-EB8CDE989E4E} = {35E79101-8327-43CD-9F95-EF272FEDE60A}
	EndGlobalSection
EndGlobal
